# This file is automatically @generated by Cargo.
# It is not intended for manual editing.
version = 4

[[package]]
name = "peakcore-estimator"
version = "0.1.0"
dependencies = [
 "peakcore-model",
]

[[package]]
name = "peakcore-ffi"
version = "0.1.0"
dependencies = [
 "peakcore-estimator",
 "peakcore-model",
]

[[package]]
name = "peakcore-model"
version = "0.1.0"
